
Microsoft Visual Studio Solution File, Format Version 12.00
# Visual Studio Version 17
VisualStudioVersion = 17.0.31903.59
MinimumVisualStudioVersion = 10.0.40219.1
Project("{2150E333-8FDC-42A3-9474-1A3956D46DE8}") = "PrimeiraAtividade", "PrimeiraAtividade", "{4D6AD388-E4B9-4066-B5AA-30AD9D4EC089}"
EndProject
Project("{FAE04EC0-301F-11D3-BF4B-00C04F79EFBC}") = "PrimeiraAtividade", "PrimeiraAtividade\PrimeiraAtividade.csproj", "{1AA76444-9017-4AD1-B8D8-35E9AD6083C8}"
EndProject
Project("{2150E333-8FDC-42A3-9474-1A3956D46DE8}") = "SegundaAtividade", "SegundaAtividade", "{A01FDE5E-1339-4FF3-BEBB-CBAA4B2C8474}"
EndProject
Project("{FAE04EC0-301F-11D3-BF4B-00C04F79EFBC}") = "SegundaAtividade", "SegundaAtividade\SegundaAtividade.csproj", "{D5A21FCA-E2B6-468C-9B8A-B7945F3E69A7}"
EndProject
Project("{2150E333-8FDC-42A3-9474-1A3956D46DE8}") = "TerceiraAtividade", "TerceiraAtividade", "{473BBAB0-9CEA-4336-9656-4AE26B4F7F06}"
EndProject
Project("{FAE04EC0-301F-11D3-BF4B-00C04F79EFBC}") = "TerceiraAtividade", "TerceiraAtividade\TerceiraAtividade.csproj", "{206D19B1-50FA-45C0-98C0-85115E2B2DCE}"
EndProject
Project("{2150E333-8FDC-42A3-9474-1A3956D46DE8}") = "QuartaAtividade", "QuartaAtividade", "{5D7466D9-E54E-451B-B1C9-0F0E3A5E3789}"
EndProject
Project("{FAE04EC0-301F-11D3-BF4B-00C04F79EFBC}") = "QuartaAtividade", "QuartaAtividade\QuartaAtividade.csproj", "{A11F7161-5D6E-4B2F-AC0D-DABF7F55BB48}"
EndProject
Project("{FAE04EC0-301F-11D3-BF4B-00C04F79EFBC}") = "QuintaAtividade", "QuintaAtividade\QuintaAtividade.csproj", "{5D2CA62C-6967-48EF-B070-FE2E30E1C7D0}"
EndProject
Project("{2150E333-8FDC-42A3-9474-1A3956D46DE8}") = "QuintaAtividade", "QuintaAtividade", "{05882396-179F-405C-86F2-47EC9BBA1720}"
EndProject
Project("{FAE04EC0-301F-11D3-BF4B-00C04F79EFBC}") = "SextaAtividade", "teste\teste.csproj", "{FF363D02-E421-4BA7-B36F-7FCF5C06FB47}"
EndProject
Project("{2150E333-8FDC-42A3-9474-1A3956D46DE8}") = "SextaAtividade", "SextaAtividade", "{F0155D4B-AD17-4943-8530-4DDD7E86DD8B}"
EndProject
Global
	GlobalSection(SolutionConfigurationPlatforms) = preSolution
		Debug|Any CPU = Debug|Any CPU
		Release|Any CPU = Release|Any CPU
	EndGlobalSection
	GlobalSection(SolutionProperties) = preSolution
		HideSolutionNode = FALSE
	EndGlobalSection
	GlobalSection(ProjectConfigurationPlatforms) = postSolution
		{1AA76444-9017-4AD1-B8D8-35E9AD6083C8}.Debug|Any CPU.ActiveCfg = Debug|Any CPU
		{1AA76444-9017-4AD1-B8D8-35E9AD6083C8}.Debug|Any CPU.Build.0 = Debug|Any CPU
		{1AA76444-9017-4AD1-B8D8-35E9AD6083C8}.Release|Any CPU.ActiveCfg = Release|Any CPU
		{1AA76444-9017-4AD1-B8D8-35E9AD6083C8}.Release|Any CPU.Build.0 = Release|Any CPU
		{D5A21FCA-E2B6-468C-9B8A-B7945F3E69A7}.Debug|Any CPU.ActiveCfg = Debug|Any CPU
		{D5A21FCA-E2B6-468C-9B8A-B7945F3E69A7}.Debug|Any CPU.Build.0 = Debug|Any CPU
		{D5A21FCA-E2B6-468C-9B8A-B7945F3E69A7}.Release|Any CPU.ActiveCfg = Release|Any CPU
		{D5A21FCA-E2B6-468C-9B8A-B7945F3E69A7}.Release|Any CPU.Build.0 = Release|Any CPU
		{206D19B1-50FA-45C0-98C0-85115E2B2DCE}.Debug|Any CPU.ActiveCfg = Debug|Any CPU
		{206D19B1-50FA-45C0-98C0-85115E2B2DCE}.Debug|Any CPU.Build.0 = Debug|Any CPU
		{206D19B1-50FA-45C0-98C0-85115E2B2DCE}.Release|Any CPU.ActiveCfg = Release|Any CPU
		{206D19B1-50FA-45C0-98C0-85115E2B2DCE}.Release|Any CPU.Build.0 = Release|Any CPU
		{A11F7161-5D6E-4B2F-AC0D-DABF7F55BB48}.Debug|Any CPU.ActiveCfg = Debug|Any CPU
		{A11F7161-5D6E-4B2F-AC0D-DABF7F55BB48}.Debug|Any CPU.Build.0 = Debug|Any CPU
		{A11F7161-5D6E-4B2F-AC0D-DABF7F55BB48}.Release|Any CPU.ActiveCfg = Release|Any CPU
		{A11F7161-5D6E-4B2F-AC0D-DABF7F55BB48}.Release|Any CPU.Build.0 = Release|Any CPU
		{5D2CA62C-6967-48EF-B070-FE2E30E1C7D0}.Debug|Any CPU.ActiveCfg = Debug|Any CPU
		{5D2CA62C-6967-48EF-B070-FE2E30E1C7D0}.Debug|Any CPU.Build.0 = Debug|Any CPU
		{5D2CA62C-6967-48EF-B070-FE2E30E1C7D0}.Release|Any CPU.ActiveCfg = Release|Any CPU
		{5D2CA62C-6967-48EF-B070-FE2E30E1C7D0}.Release|Any CPU.Build.0 = Release|Any CPU
		{FF363D02-E421-4BA7-B36F-7FCF5C06FB47}.Debug|Any CPU.ActiveCfg = Debug|Any CPU
		{FF363D02-E421-4BA7-B36F-7FCF5C06FB47}.Debug|Any CPU.Build.0 = Debug|Any CPU
		{FF363D02-E421-4BA7-B36F-7FCF5C06FB47}.Release|Any CPU.ActiveCfg = Release|Any CPU
		{FF363D02-E421-4BA7-B36F-7FCF5C06FB47}.Release|Any CPU.Build.0 = Release|Any CPU
	EndGlobalSection
	GlobalSection(NestedProjects) = preSolution
		{FF363D02-E421-4BA7-B36F-7FCF5C06FB47} = {F0155D4B-AD17-4943-8530-4DDD7E86DD8B}
		{5D2CA62C-6967-48EF-B070-FE2E30E1C7D0} = {05882396-179F-405C-86F2-47EC9BBA1720}
		{A11F7161-5D6E-4B2F-AC0D-DABF7F55BB48} = {5D7466D9-E54E-451B-B1C9-0F0E3A5E3789}
		{206D19B1-50FA-45C0-98C0-85115E2B2DCE} = {473BBAB0-9CEA-4336-9656-4AE26B4F7F06}
		{D5A21FCA-E2B6-468C-9B8A-B7945F3E69A7} = {A01FDE5E-1339-4FF3-BEBB-CBAA4B2C8474}
		{1AA76444-9017-4AD1-B8D8-35E9AD6083C8} = {4D6AD388-E4B9-4066-B5AA-30AD9D4EC089}
	EndGlobalSection
EndGlobal
